
Microsoft Visual Studio Solution File, Format Version 12.00
# Visual Studio Version 16
VisualStudioVersion = 16.0.31112.23
MinimumVisualStudioVersion = 10.0.40219.1
Project("{FAE04EC0-301F-11D3-BF4B-00C04F79EFBC}") = "otogaleri", "otogaleri.csproj", "{7A04AFC2-20AC-4C36-98C0-C78E0F1F44C4}"
EndProject
Global
	GlobalSection(SolutionConfigurationPlatforms) = preSolution
		Debug|Any CPU = Debug|Any CPU
		Release|Any CPU = Release|Any CPU
	EndGlobalSection
	GlobalSection(ProjectConfigurationPlatforms) = postSolution
		{7A04AFC2-20AC-4C36-98C0-C78E0F1F44C4}.Debug|Any CPU.ActiveCfg = Debug|Any CPU
		{7A04AFC2-20AC-4C36-98C0-C78E0F1F44C4}.Debug|Any CPU.Build.0 = Debug|Any CPU
		{7A04AFC2-20AC-4C36-98C0-C78E0F1F44C4}.Release|Any CPU.ActiveCfg = Release|Any CPU
		{7A04AFC2-20AC-4C36-98C0-C78E0F1F44C4}.Release|Any CPU.Build.0 = Release|Any CPU
	EndGlobalSection
	GlobalSection(SolutionProperties) = preSolution
		HideSolutionNode = FALSE
	EndGlobalSection
	GlobalSection(ExtensibilityGlobals) = postSolution
		SolutionGuid = {403926E4-2C55-4DBE-8D98-B2E46813FCE6}
	EndGlobalSection
EndGlobal
